// !$*UTF8*$!
{
	archiveVersion = 1;
	classes = {
	};
	objectVersion = 46;
	objects = {

/* Begin PBXBuildFile section */
		01B193881C9DA68A0081F114 /* AppDelegate.swift in Sources */ = {isa = PBXBuildFile; fileRef = 01B193871C9DA68A0081F114 /* AppDelegate.swift */; };
		01B1938A1C9DA68A0081F114 /* ViewController.swift in Sources */ = {isa = PBXBuildFile; fileRef = 01B193891C9DA68A0081F114 /* ViewController.swift */; };
		01B1938D1C9DA68A0081F114 /* Main.storyboard in Resources */ = {isa = PBXBuildFile; fileRef = 01B1938B1C9DA68A0081F114 /* Main.storyboard */; };
		01B1938F1C9DA68A0081F114 /* Assets.xcassets in Resources */ = {isa = PBXBuildFile; fileRef = 01B1938E1C9DA68A0081F114 /* Assets.xcassets */; };
		01B193921C9DA68A0081F114 /* LaunchScreen.storyboard in Resources */ = {isa = PBXBuildFile; fileRef = 01B193901C9DA68A0081F114 /* LaunchScreen.storyboard */; };
		01B1939D1C9DAEA50081F114 /* LoginViewController.swift in Sources */ = {isa = PBXBuildFile; fileRef = 01B1939C1C9DAEA50081F114 /* LoginViewController.swift */; };
		01B1939F1C9DAEBF0081F114 /* AuthorizedViewController.swift in Sources */ = {isa = PBXBuildFile; fileRef = 01B1939E1C9DAEBF0081F114 /* AuthorizedViewController.swift */; };
		01FB4D5D1C9DCFB000640C42 /* MaterialView.swift in Sources */ = {isa = PBXBuildFile; fileRef = 01FB4D5C1C9DCFB000640C42 /* MaterialView.swift */; };
		01FB4D601C9DCFFC00640C42 /* Constants.swift in Sources */ = {isa = PBXBuildFile; fileRef = 01FB4D5F1C9DCFFC00640C42 /* Constants.swift */; };
		01FB4D621C9DDA9A00640C42 /* MaterialTextField.swift in Sources */ = {isa = PBXBuildFile; fileRef = 01FB4D611C9DDA9A00640C42 /* MaterialTextField.swift */; };
		01FB4D641C9DDC0800640C42 /* MaterialButton.swift in Sources */ = {isa = PBXBuildFile; fileRef = 01FB4D631C9DDC0800640C42 /* MaterialButton.swift */; };
		24D5B394FDC964B630159E6C /* Pods_My_Showcase.framework in Frameworks */ = {isa = PBXBuildFile; fileRef = CA4215FCB1D085D93D7B8812 /* Pods_My_Showcase.framework */; };
/* End PBXBuildFile section */

/* Begin PBXFileReference section */
		01B193841C9DA68A0081F114 /* My Showcase.app */ = {isa = PBXFileReference; explicitFileType = wrapper.application; includeInIndex = 0; path = "My Showcase.app"; sourceTree = BUILT_PRODUCTS_DIR; };
		01B193871C9DA68A0081F114 /* AppDelegate.swift */ = {isa = PBXFileReference; lastKnownFileType = sourcecode.swift; path = AppDelegate.swift; sourceTree = "<group>"; };
		01B193891C9DA68A0081F114 /* ViewController.swift */ = {isa = PBXFileReference; lastKnownFileType = sourcecode.swift; path = ViewController.swift; sourceTree = "<group>"; };
		01B1938C1C9DA68A0081F114 /* Base */ = {isa = PBXFileReference; lastKnownFileType = file.storyboard; name = Base; path = Base.lproj/Main.storyboard; sourceTree = "<group>"; };
		01B1938E1C9DA68A0081F114 /* Assets.xcassets */ = {isa = PBXFileReference; lastKnownFileType = folder.assetcatalog; path = Assets.xcassets; sourceTree = "<group>"; };
		01B193911C9DA68A0081F114 /* Base */ = {isa = PBXFileReference; lastKnownFileType = file.storyboard; name = Base; path = Base.lproj/LaunchScreen.storyboard; sourceTree = "<group>"; };
		01B193931C9DA68A0081F114 /* Info.plist */ = {isa = PBXFileReference; lastKnownFileType = text.plist.xml; path = Info.plist; sourceTree = "<group>"; };
		01B1939C1C9DAEA50081F114 /* LoginViewController.swift */ = {isa = PBXFileReference; fileEncoding = 4; lastKnownFileType = sourcecode.swift; path = LoginViewController.swift; sourceTree = "<group>"; };
		01B1939E1C9DAEBF0081F114 /* AuthorizedViewController.swift */ = {isa = PBXFileReference; fileEncoding = 4; lastKnownFileType = sourcecode.swift; path = AuthorizedViewController.swift; sourceTree = "<group>"; };
		01B193A21C9DAF500081F114 /* NotoColorEmoji.ttf */ = {isa = PBXFileReference; lastKnownFileType = file; path = NotoColorEmoji.ttf; sourceTree = "<group>"; };
		01B193A31C9DAF500081F114 /* NotoEmoji-Regular.ttf */ = {isa = PBXFileReference; lastKnownFileType = file; path = "NotoEmoji-Regular.ttf"; sourceTree = "<group>"; };
		01B193A41C9DAF500081F114 /* NotoSans-Bold.ttf */ = {isa = PBXFileReference; lastKnownFileType = file; path = "NotoSans-Bold.ttf"; sourceTree = "<group>"; };
		01B193A51C9DAF500081F114 /* NotoSans-BoldItalic.ttf */ = {isa = PBXFileReference; lastKnownFileType = file; path = "NotoSans-BoldItalic.ttf"; sourceTree = "<group>"; };
		01B193A61C9DAF500081F114 /* NotoSans-Italic.ttf */ = {isa = PBXFileReference; lastKnownFileType = file; path = "NotoSans-Italic.ttf"; sourceTree = "<group>"; };
		01B193A71C9DAF500081F114 /* NotoSans-Regular.ttf */ = {isa = PBXFileReference; lastKnownFileType = file; path = "NotoSans-Regular.ttf"; sourceTree = "<group>"; };
		01FB4D5C1C9DCFB000640C42 /* MaterialView.swift */ = {isa = PBXFileReference; fileEncoding = 4; lastKnownFileType = sourcecode.swift; path = MaterialView.swift; sourceTree = "<group>"; };
		01FB4D5F1C9DCFFC00640C42 /* Constants.swift */ = {isa = PBXFileReference; fileEncoding = 4; lastKnownFileType = sourcecode.swift; path = Constants.swift; sourceTree = "<group>"; };
		01FB4D611C9DDA9A00640C42 /* MaterialTextField.swift */ = {isa = PBXFileReference; fileEncoding = 4; lastKnownFileType = sourcecode.swift; path = MaterialTextField.swift; sourceTree = "<group>"; };
		01FB4D631C9DDC0800640C42 /* MaterialButton.swift */ = {isa = PBXFileReference; fileEncoding = 4; lastKnownFileType = sourcecode.swift; path = MaterialButton.swift; sourceTree = "<group>"; };
		4681F26D970475C6A579A149 /* Pods-My Showcase.release.xcconfig */ = {isa = PBXFileReference; includeInIndex = 1; lastKnownFileType = text.xcconfig; name = "Pods-My Showcase.release.xcconfig"; path = "Pods/Target Support Files/Pods-My Showcase/Pods-My Showcase.release.xcconfig"; sourceTree = "<group>"; };
		4C0A635558C67866305EF9F3 /* Pods-My Showcase.debug.xcconfig */ = {isa = PBXFileReference; includeInIndex = 1; lastKnownFileType = text.xcconfig; name = "Pods-My Showcase.debug.xcconfig"; path = "Pods/Target Support Files/Pods-My Showcase/Pods-My Showcase.debug.xcconfig"; sourceTree = "<group>"; };
		CA4215FCB1D085D93D7B8812 /* Pods_My_Showcase.framework */ = {isa = PBXFileReference; explicitFileType = wrapper.framework; includeInIndex = 0; path = Pods_My_Showcase.framework; sourceTree = BUILT_PRODUCTS_DIR; };
/* End PBXFileReference section */

/* Begin PBXFrameworksBuildPhase section */
		01B193811C9DA68A0081F114 /* Frameworks */ = {
			isa = PBXFrameworksBuildPhase;
			buildActionMask = 2147483647;
			files = (
				24D5B394FDC964B630159E6C /* Pods_My_Showcase.framework in Frameworks */,
			);
			runOnlyForDeploymentPostprocessing = 0;
		};
/* End PBXFrameworksBuildPhase section */

/* Begin PBXGroup section */
		00D6CA7A617068D9AD8FCA45 /* Frameworks */ = {
			isa = PBXGroup;
			children = (
				CA4215FCB1D085D93D7B8812 /* Pods_My_Showcase.framework */,
			);
			name = Frameworks;
			sourceTree = "<group>";
		};
		01B1937B1C9DA68A0081F114 = {
			isa = PBXGroup;
			children = (
				01B193861C9DA68A0081F114 /* My Showcase */,
				01B193851C9DA68A0081F114 /* Products */,
				FFB7A7305A4EF7A8C26866E0 /* Pods */,
				00D6CA7A617068D9AD8FCA45 /* Frameworks */,
			);
			sourceTree = "<group>";
		};
		01B193851C9DA68A0081F114 /* Products */ = {
			isa = PBXGroup;
			children = (
				01B193841C9DA68A0081F114 /* My Showcase.app */,
			);
			name = Products;
			sourceTree = "<group>";
		};
		01B193861C9DA68A0081F114 /* My Showcase */ = {
			isa = PBXGroup;
			children = (
				01FB4D5E1C9DCFEA00640C42 /* Util */,
				01B193A01C9DAF2B0081F114 /* Resources */,
				01B1939B1C9DAE750081F114 /* Controller */,
				01B1939A1C9DAE6D0081F114 /* View */,
				01B193991C9DAE640081F114 /* Model */,
				01B193871C9DA68A0081F114 /* AppDelegate.swift */,
				01B1938B1C9DA68A0081F114 /* Main.storyboard */,
				01B1938E1C9DA68A0081F114 /* Assets.xcassets */,
				01B193901C9DA68A0081F114 /* LaunchScreen.storyboard */,
				01B193931C9DA68A0081F114 /* Info.plist */,
			);
			path = "My Showcase";
			sourceTree = "<group>";
		};
		01B193991C9DAE640081F114 /* Model */ = {
			isa = PBXGroup;
			children = (
			);
			name = Model;
			sourceTree = "<group>";
		};
		01B1939A1C9DAE6D0081F114 /* View */ = {
			isa = PBXGroup;
			children = (
				01FB4D5C1C9DCFB000640C42 /* MaterialView.swift */,
				01FB4D611C9DDA9A00640C42 /* MaterialTextField.swift */,
				01FB4D631C9DDC0800640C42 /* MaterialButton.swift */,
			);
			name = View;
			sourceTree = "<group>";
		};
		01B1939B1C9DAE750081F114 /* Controller */ = {
			isa = PBXGroup;
			children = (
				01B193891C9DA68A0081F114 /* ViewController.swift */,
				01B1939C1C9DAEA50081F114 /* LoginViewController.swift */,
				01B1939E1C9DAEBF0081F114 /* AuthorizedViewController.swift */,
			);
			name = Controller;
			sourceTree = "<group>";
		};
		01B193A01C9DAF2B0081F114 /* Resources */ = {
			isa = PBXGroup;
			children = (
				01B193A11C9DAF340081F114 /* Fonts */,
			);
			name = Resources;
			sourceTree = "<group>";
		};
		01B193A11C9DAF340081F114 /* Fonts */ = {
			isa = PBXGroup;
			children = (
				01B193A21C9DAF500081F114 /* NotoColorEmoji.ttf */,
				01B193A31C9DAF500081F114 /* NotoEmoji-Regular.ttf */,
				01B193A41C9DAF500081F114 /* NotoSans-Bold.ttf */,
				01B193A51C9DAF500081F114 /* NotoSans-BoldItalic.ttf */,
				01B193A61C9DAF500081F114 /* NotoSans-Italic.ttf */,
				01B193A71C9DAF500081F114 /* NotoSans-Regular.ttf */,
			);
			name = Fonts;
			sourceTree = "<group>";
		};
		01FB4D5E1C9DCFEA00640C42 /* Util */ = {
			isa = PBXGroup;
			children = (
				01FB4D5F1C9DCFFC00640C42 /* Constants.swift */,
			);
			name = Util;
			sourceTree = "<group>";
		};
		FFB7A7305A4EF7A8C26866E0 /* Pods */ = {
			isa = PBXGroup;
			children = (
				4C0A635558C67866305EF9F3 /* Pods-My Showcase.debug.xcconfig */,
				4681F26D970475C6A579A149 /* Pods-My Showcase.release.xcconfig */,
			);
			name = Pods;
			sourceTree = "<group>";
		};
/* End PBXGroup section */

/* Begin PBXNativeTarget section */
		01B193831C9DA68A0081F114 /* My Showcase */ = {
			isa = PBXNativeTarget;
			buildConfigurationList = 01B193961C9DA68A0081F114 /* Build configuration list for PBXNativeTarget "My Showcase" */;
			buildPhases = (
				C679F702C324F80FC71497EF /* Check Pods Manifest.lock */,
				01B193801C9DA68A0081F114 /* Sources */,
				01B193811C9DA68A0081F114 /* Frameworks */,
				01B193821C9DA68A0081F114 /* Resources */,
				0B3BA4D4015363D51E4AFDBC /* Embed Pods Frameworks */,
				CC96DF4E5A0EF41954617EBD /* Copy Pods Resources */,
			);
			buildRules = (
			);
			dependencies = (
			);
			name = "My Showcase";
			productName = "My Showcase";
			productReference = 01B193841C9DA68A0081F114 /* My Showcase.app */;
			productType = "com.apple.product-type.application";
		};
/* End PBXNativeTarget section */

/* Begin PBXProject section */
		01B1937C1C9DA68A0081F114 /* Project object */ = {
			isa = PBXProject;
			attributes = {
				LastSwiftUpdateCheck = 0720;
				LastUpgradeCheck = 0720;
				ORGANIZATIONNAME = "Gulp Technologies";
				TargetAttributes = {
					01B193831C9DA68A0081F114 = {
						CreatedOnToolsVersion = 7.2.1;
						DevelopmentTeam = BQ84FFH7QQ;
					};
				};
			};
			buildConfigurationList = 01B1937F1C9DA68A0081F114 /* Build configuration list for PBXProject "My Showcase" */;
			compatibilityVersion = "Xcode 3.2";
			developmentRegion = English;
			hasScannedForEncodings = 0;
			knownRegions = (
				en,
				Base,
			);
			mainGroup = 01B1937B1C9DA68A0081F114;
			productRefGroup = 01B193851C9DA68A0081F114 /* Products */;
			projectDirPath = "";
			projectRoot = "";
			targets = (
				01B193831C9DA68A0081F114 /* My Showcase */,
			);
		};
/* End PBXProject section */

/* Begin PBXResourcesBuildPhase section */
		01B193821C9DA68A0081F114 /* Resources */ = {
			isa = PBXResourcesBuildPhase;
			buildActionMask = 2147483647;
			files = (
				01B193921C9DA68A0081F114 /* LaunchScreen.storyboard in Resources */,
				01B1938F1C9DA68A0081F114 /* Assets.xcassets in Resources */,
				01B1938D1C9DA68A0081F114 /* Main.storyboard in Resources */,
			);
			runOnlyForDeploymentPostprocessing = 0;
		};
/* End PBXResourcesBuildPhase section */

/* Begin PBXShellScriptBuildPhase section */
		0B3BA4D4015363D51E4AFDBC /* Embed Pods Frameworks */ = {
			isa = PBXShellScriptBuildPhase;
			buildActionMask = 2147483647;
			files = (
			);
			inputPaths = (
			);
			name = "Embed Pods Frameworks";
			outputPaths = (
			);
			runOnlyForDeploymentPostprocessing = 0;
			shellPath = /bin/sh;
			shellScript = "\"${SRCROOT}/Pods/Target Support Files/Pods-My Showcase/Pods-My Showcase-frameworks.sh\"\n";
			showEnvVarsInLog = 0;
		};
		C679F702C324F80FC71497EF /* Check Pods Manifest.lock */ = {
			isa = PBXShellScriptBuildPhase;
			buildActionMask = 2147483647;
			files = (
			);
			inputPaths = (
			);
			name = "Check Pods Manifest.lock";
			outputPaths = (
			);
			runOnlyForDeploymentPostprocessing = 0;
			shellPath = /bin/sh;
			shellScript = "diff \"${PODS_ROOT}/../Podfile.lock\" \"${PODS_ROOT}/Manifest.lock\" > /dev/null\nif [[ $? != 0 ]] ; then\n    cat << EOM\nerror: The sandbox is not in sync with the Podfile.lock. Run 'pod install' or update your CocoaPods installation.\nEOM\n    exit 1\nfi\n";
			showEnvVarsInLog = 0;
		};
		CC96DF4E5A0EF41954617EBD /* Copy Pods Resources */ = {
			isa = PBXShellScriptBuildPhase;
			buildActionMask = 2147483647;
			files = (
			);
			inputPaths = (
			);
			name = "Copy Pods Resources";
			outputPaths = (
			);
			runOnlyForDeploymentPostprocessing = 0;
			shellPath = /bin/sh;
			shellScript = "\"${SRCROOT}/Pods/Target Support Files/Pods-My Showcase/Pods-My Showcase-resources.sh\"\n";
			showEnvVarsInLog = 0;
		};
/* End PBXShellScriptBuildPhase section */

/* Begin PBXSourcesBuildPhase section */
		01B193801C9DA68A0081F114 /* Sources */ = {
			isa = PBXSourcesBuildPhase;
			buildActionMask = 2147483647;
			files = (
				01B1939D1C9DAEA50081F114 /* LoginViewController.swift in Sources */,
				01B1938A1C9DA68A0081F114 /* ViewController.swift in Sources */,
				01FB4D641C9DDC0800640C42 /* MaterialButton.swift in Sources */,
				01FB4D5D1C9DCFB000640C42 /* MaterialView.swift in Sources */,
				01B193881C9DA68A0081F114 /* AppDelegate.swift in Sources */,
				01B1939F1C9DAEBF0081F114 /* AuthorizedViewController.swift in Sources */,
				01FB4D601C9DCFFC00640C42 /* Constants.swift in Sources */,
				01FB4D621C9DDA9A00640C42 /* MaterialTextField.swift in Sources */,
			);
			runOnlyForDeploymentPostprocessing = 0;
		};
/* End PBXSourcesBuildPhase section */

/* Begin PBXVariantGroup section */
		01B1938B1C9DA68A0081F114 /* Main.storyboard */ = {
			isa = PBXVariantGroup;
			children = (
				01B1938C1C9DA68A0081F114 /* Base */,
			);
			name = Main.storyboard;
			sourceTree = "<group>";
		};
		01B193901C9DA68A0081F114 /* LaunchScreen.storyboard */ = {
			isa = PBXVariantGroup;
			children = (
				01B193911C9DA68A0081F114 /* Base */,
			);
			name = LaunchScreen.storyboard;
			sourceTree = "<group>";
		};
/* End PBXVariantGroup section */

/* Begin XCBuildConfiguration section */
		01B193941C9DA68A0081F114 /* Debug */ = {
			isa = XCBuildConfiguration;
			buildSettings = {
				ALWAYS_SEARCH_USER_PATHS = NO;
				CLANG_CXX_LANGUAGE_STANDARD = "gnu++0x";
				CLANG_CXX_LIBRARY = "libc++";
				CLANG_ENABLE_MODULES = YES;
				CLANG_ENABLE_OBJC_ARC = YES;
				CLANG_WARN_BOOL_CONVERSION = YES;
				CLANG_WARN_CONSTANT_CONVERSION = YES;
				CLANG_WARN_DIRECT_OBJC_ISA_USAGE = YES_ERROR;
				CLANG_WARN_EMPTY_BODY = YES;
				CLANG_WARN_ENUM_CONVERSION = YES;
				CLANG_WARN_INT_CONVERSION = YES;
				CLANG_WARN_OBJC_ROOT_CLASS = YES_ERROR;
				CLANG_WARN_UNREACHABLE_CODE = YES;
				CLANG_WARN__DUPLICATE_METHOD_MATCH = YES;
				"CODE_SIGN_IDENTITY[sdk=iphoneos*]" = "iPhone Developer";
				COPY_PHASE_STRIP = NO;
				DEBUG_INFORMATION_FORMAT = dwarf;
				ENABLE_STRICT_OBJC_MSGSEND = YES;
				ENABLE_TESTABILITY = YES;
				GCC_C_LANGUAGE_STANDARD = gnu99;
				GCC_DYNAMIC_NO_PIC = NO;
				GCC_NO_COMMON_BLOCKS = YES;
				GCC_OPTIMIZATION_LEVEL = 0;
				GCC_PREPROCESSOR_DEFINITIONS = (
					"DEBUG=1",
					"$(inherited)",
				);
				GCC_WARN_64_TO_32_BIT_CONVERSION = YES;
				GCC_WARN_ABOUT_RETURN_TYPE = YES_ERROR;
				GCC_WARN_UNDECLARED_SELECTOR = YES;
				GCC_WARN_UNINITIALIZED_AUTOS = YES_AGGRESSIVE;
				GCC_WARN_UNUSED_FUNCTION = YES;
				GCC_WARN_UNUSED_VARIABLE = YES;
				IPHONEOS_DEPLOYMENT_TARGET = 9.2;
				MTL_ENABLE_DEBUG_INFO = YES;
				ONLY_ACTIVE_ARCH = YES;
				SDKROOT = iphoneos;
				SWIFT_OPTIMIZATION_LEVEL = "-Onone";
				TARGETED_DEVICE_FAMILY = "1,2";
			};
			name = Debug;
		};
		01B193951C9DA68A0081F114 /* Release */ = {
			isa = XCBuildConfiguration;
			buildSettings = {
				ALWAYS_SEARCH_USER_PATHS = NO;
				CLANG_CXX_LANGUAGE_STANDARD = "gnu++0x";
				CLANG_CXX_LIBRARY = "libc++";
				CLANG_ENABLE_MODULES = YES;
				CLANG_ENABLE_OBJC_ARC = YES;
				CLANG_WARN_BOOL_CONVERSION = YES;
				CLANG_WARN_CONSTANT_CONVERSION = YES;
				CLANG_WARN_DIRECT_OBJC_ISA_USAGE = YES_ERROR;
				CLANG_WARN_EMPTY_BODY = YES;
				CLANG_WARN_ENUM_CONVERSION = YES;
				CLANG_WARN_INT_CONVERSION = YES;
				CLANG_WARN_OBJC_ROOT_CLASS = YES_ERROR;
				CLANG_WARN_UNREACHABLE_CODE = YES;
				CLANG_WARN__DUPLICATE_METHOD_MATCH = YES;
				"CODE_SIGN_IDENTITY[sdk=iphoneos*]" = "iPhone Developer";
				COPY_PHASE_STRIP = NO;
				DEBUG_INFORMATION_FORMAT = "dwarf-with-dsym";
				ENABLE_NS_ASSERTIONS = NO;
				ENABLE_STRICT_OBJC_MSGSEND = YES;
				GCC_C_LANGUAGE_STANDARD = gnu99;
				GCC_NO_COMMON_BLOCKS = YES;
				GCC_WARN_64_TO_32_BIT_CONVERSION = YES;
				GCC_WARN_ABOUT_RETURN_TYPE = YES_ERROR;
				GCC_WARN_UNDECLARED_SELECTOR = YES;
				GCC_WARN_UNINITIALIZED_AUTOS = YES_AGGRESSIVE;
				GCC_WARN_UNUSED_FUNCTION = YES;
				GCC_WARN_UNUSED_VARIABLE = YES;
				IPHONEOS_DEPLOYMENT_TARGET = 9.2;
				MTL_ENABLE_DEBUG_INFO = NO;
				SDKROOT = iphoneos;
				TARGETED_DEVICE_FAMILY = "1,2";
				VALIDATE_PRODUCT = YES;
			};
			name = Release;
		};
		01B193971C9DA68A0081F114 /* Debug */ = {
			isa = XCBuildConfiguration;
			baseConfigurationReference = 4C0A635558C67866305EF9F3 /* Pods-My Showcase.debug.xcconfig */;
			buildSettings = {
				ASSETCATALOG_COMPILER_APPICON_NAME = AppIcon;
				INFOPLIST_FILE = "My Showcase/Info.plist";
				LD_RUNPATH_SEARCH_PATHS = "$(inherited) @executable_path/Frameworks";
				PRODUCT_BUNDLE_IDENTIFIER = "com.gulptech.My-Showcase";
				PRODUCT_NAME = "$(TARGET_NAME)";
			};
			name = Debug;
		};
		01B193981C9DA68A0081F114 /* Release */ = {
			isa = XCBuildConfiguration;
			baseConfigurationReference = 4681F26D970475C6A579A149 /* Pods-My Showcase.release.xcconfig */;
			buildSettings = {
				ASSETCATALOG_COMPILER_APPICON_NAME = AppIcon;
				INFOPLIST_FILE = "My Showcase/Info.plist";
				LD_RUNPATH_SEARCH_PATHS = "$(inherited) @executable_path/Frameworks";
				PRODUCT_BUNDLE_IDENTIFIER = "com.gulptech.My-Showcase";
				PRODUCT_NAME = "$(TARGET_NAME)";
			};
			name = Release;
		};
/* End XCBuildConfiguration section */

/* Begin XCConfigurationList section */
		01B1937F1C9DA68A0081F114 /* Build configuration list for PBXProject "My Showcase" */ = {
			isa = XCConfigurationList;
			buildConfigurations = (
				01B193941C9DA68A0081F114 /* Debug */,
				01B193951C9DA68A0081F114 /* Release */,
			);
			defaultConfigurationIsVisible = 0;
			defaultConfigurationName = Release;
		};
		01B193961C9DA68A0081F114 /* Build configuration list for PBXNativeTarget "My Showcase" */ = {
			isa = XCConfigurationList;
			buildConfigurations = (
				01B193971C9DA68A0081F114 /* Debug */,
				01B193981C9DA68A0081F114 /* Release */,
			);
			defaultConfigurationIsVisible = 0;
			defaultConfigurationName = Release;
		};
/* End XCConfigurationList section */
	};
	rootObject = 01B1937C1C9DA68A0081F114 /* Project object */;
}
